
Microsoft Visual Studio Solution File, Format Version 12.00
# Visual Studio Version 17
VisualStudioVersion = 17.5.33502.453
MinimumVisualStudioVersion = 10.0.40219.1
Project("{9A19103F-16F7-4668-BE54-9A1E7A4F7556}") = "VirtualAssistantGPT.Web", "VirtualAssistantGPT.Web\VirtualAssistantGPT.Web.csproj", "{6A673C38-13F2-4379-93FF-C3EEA1203511}"
EndProject
Global
	GlobalSection(SolutionConfigurationPlatforms) = preSolution
		Debug|Any CPU = Debug|Any CPU
		Release|Any CPU = Release|Any CPU
	EndGlobalSection
	GlobalSection(ProjectConfigurationPlatforms) = postSolution
		{6A673C38-13F2-4379-93FF-C3EEA1203511}.Debug|Any CPU.ActiveCfg = Debug|Any CPU
		{6A673C38-13F2-4379-93FF-C3EEA1203511}.Debug|Any CPU.Build.0 = Debug|Any CPU
		{6A673C38-13F2-4379-93FF-C3EEA1203511}.Release|Any CPU.ActiveCfg = Release|Any CPU
		{6A673C38-13F2-4379-93FF-C3EEA1203511}.Release|Any CPU.Build.0 = Release|Any CPU
	EndGlobalSection
	GlobalSection(SolutionProperties) = preSolution
		HideSolutionNode = FALSE
	EndGlobalSection
	GlobalSection(ExtensibilityGlobals) = postSolution
		SolutionGuid = {28A890F0-A828-43BF-A54A-3441BA1EA6B3}
	EndGlobalSection
EndGlobal
